// !$*UTF8*$!
{
	archiveVersion = 1;
	classes = {
	};
	objectVersion = 55;
	objects = {

/* Begin PBXBuildFile section */
		4008FD7C294725E90014264B /* GameCellFooterView.swift in Sources */ = {isa = PBXBuildFile; fileRef = 4008FD7B294725E90014264B /* GameCellFooterView.swift */; };
		4008FD8129476EC50014264B /* GameListFilterView.xib in Resources */ = {isa = PBXBuildFile; fileRef = 4008FD8029476EC50014264B /* GameListFilterView.xib */; };
		4008FD8329476EED0014264B /* GameListFilterView.swift in Sources */ = {isa = PBXBuildFile; fileRef = 4008FD8229476EED0014264B /* GameListFilterView.swift */; };
		400AD200294631B100559662 /* Double+Extension.swift in Sources */ = {isa = PBXBuildFile; fileRef = 400AD1FF294631B100559662 /* Double+Extension.swift */; };
		400AD2032946532000559662 /* SDWebImage in Frameworks */ = {isa = PBXBuildFile; productRef = 400AD2022946532000559662 /* SDWebImage */; };
		408A600629485F20001A1A71 /* GameDetailModel.swift in Sources */ = {isa = PBXBuildFile; fileRef = 408A600529485F20001A1A71 /* GameDetailModel.swift */; };
		408A600829486062001A1A71 /* ParentPlatformModel.swift in Sources */ = {isa = PBXBuildFile; fileRef = 408A600729486062001A1A71 /* ParentPlatformModel.swift */; };
		408A600A294860C3001A1A71 /* PlatformModel.swift in Sources */ = {isa = PBXBuildFile; fileRef = 408A6009294860C3001A1A71 /* PlatformModel.swift */; };
		408A600C29486478001A1A71 /* GameDetailViewController.swift in Sources */ = {isa = PBXBuildFile; fileRef = 408A600B29486478001A1A71 /* GameDetailViewController.swift */; };
		408A600E29486795001A1A71 /* GameDetailCollectionViewCell.swift in Sources */ = {isa = PBXBuildFile; fileRef = 408A600D29486795001A1A71 /* GameDetailCollectionViewCell.swift */; };
		408A601029486A97001A1A71 /* GameDetailViewModel.swift in Sources */ = {isa = PBXBuildFile; fileRef = 408A600F29486A97001A1A71 /* GameDetailViewModel.swift */; };
		4098BB7C2948E96B0089EA27 /* MaterialActivityIndicator in Frameworks */ = {isa = PBXBuildFile; productRef = 4098BB7B2948E96B0089EA27 /* MaterialActivityIndicator */; };
		4098BB7F2948EC2C0089EA27 /* BaseViewController.swift in Sources */ = {isa = PBXBuildFile; fileRef = 4098BB7E2948EC2C0089EA27 /* BaseViewController.swift */; };
		4098BB822948EEDB0089EA27 /* SwiftAlertView in Frameworks */ = {isa = PBXBuildFile; productRef = 4098BB812948EEDB0089EA27 /* SwiftAlertView */; };
		40B523832948BB3700B0443D /* String+Extension.swift in Sources */ = {isa = PBXBuildFile; fileRef = 40B523822948BB3700B0443D /* String+Extension.swift */; };
		40B924142946027300DE3C5F /* AppDelegate.swift in Sources */ = {isa = PBXBuildFile; fileRef = 40B924132946027300DE3C5F /* AppDelegate.swift */; };
		40B924162946027300DE3C5F /* SceneDelegate.swift in Sources */ = {isa = PBXBuildFile; fileRef = 40B924152946027300DE3C5F /* SceneDelegate.swift */; };
		40B9241B2946027300DE3C5F /* Main.storyboard in Resources */ = {isa = PBXBuildFile; fileRef = 40B924192946027300DE3C5F /* Main.storyboard */; };
		40B9241E2946027300DE3C5F /* GameBook.xcdatamodeld in Sources */ = {isa = PBXBuildFile; fileRef = 40B9241C2946027300DE3C5F /* GameBook.xcdatamodeld */; };
		40B924202946027500DE3C5F /* Assets.xcassets in Resources */ = {isa = PBXBuildFile; fileRef = 40B9241F2946027500DE3C5F /* Assets.xcassets */; };
		40B924232946027500DE3C5F /* LaunchScreen.storyboard in Resources */ = {isa = PBXBuildFile; fileRef = 40B924212946027500DE3C5F /* LaunchScreen.storyboard */; };
		40B9242E2946027500DE3C5F /* GameBookTests.swift in Sources */ = {isa = PBXBuildFile; fileRef = 40B9242D2946027500DE3C5F /* GameBookTests.swift */; };
		40B924382946027500DE3C5F /* GameBookUITests.swift in Sources */ = {isa = PBXBuildFile; fileRef = 40B924372946027500DE3C5F /* GameBookUITests.swift */; };
		40B9243A2946027500DE3C5F /* GameBookUITestsLaunchTests.swift in Sources */ = {isa = PBXBuildFile; fileRef = 40B924392946027500DE3C5F /* GameBookUITestsLaunchTests.swift */; };
		40B9247429460B9B00DE3C5F /* GameDBClient.swift in Sources */ = {isa = PBXBuildFile; fileRef = 40B9247329460B9B00DE3C5F /* GameDBClient.swift */; };
		40B9247629460BB700DE3C5F /* Constant.swift in Sources */ = {isa = PBXBuildFile; fileRef = 40B9247529460BB700DE3C5F /* Constant.swift */; };
		40B9247829460C0600DE3C5F /* GameGenresModel.swift in Sources */ = {isa = PBXBuildFile; fileRef = 40B9247729460C0600DE3C5F /* GameGenresModel.swift */; };
		40B9247C29460C1D00DE3C5F /* GameModel.swift in Sources */ = {isa = PBXBuildFile; fileRef = 40B9247B29460C1D00DE3C5F /* GameModel.swift */; };
		40B9247E29460C3A00DE3C5F /* GameResponseModel.swift in Sources */ = {isa = PBXBuildFile; fileRef = 40B9247D29460C3A00DE3C5F /* GameResponseModel.swift */; };
		40B9248229460EE800DE3C5F /* GameListViewController.swift in Sources */ = {isa = PBXBuildFile; fileRef = 40B9248129460EE800DE3C5F /* GameListViewController.swift */; };
		40B924862946109C00DE3C5F /* GameListViewModel.swift in Sources */ = {isa = PBXBuildFile; fileRef = 40B924852946109C00DE3C5F /* GameListViewModel.swift */; };
		40B9248829461E0B00DE3C5F /* GameListCollectionViewCell.swift in Sources */ = {isa = PBXBuildFile; fileRef = 40B9248729461E0B00DE3C5F /* GameListCollectionViewCell.swift */; };
/* End PBXBuildFile section */

/* Begin PBXContainerItemProxy section */
		40B9242A2946027500DE3C5F /* PBXContainerItemProxy */ = {
			isa = PBXContainerItemProxy;
			containerPortal = 40B924082946027300DE3C5F /* Project object */;
			proxyType = 1;
			remoteGlobalIDString = 40B9240F2946027300DE3C5F;
			remoteInfo = GameBook;
		};
		40B924342946027500DE3C5F /* PBXContainerItemProxy */ = {
			isa = PBXContainerItemProxy;
			containerPortal = 40B924082946027300DE3C5F /* Project object */;
			proxyType = 1;
			remoteGlobalIDString = 40B9240F2946027300DE3C5F;
			remoteInfo = GameBook;
		};
/* End PBXContainerItemProxy section */

/* Begin PBXFileReference section */
		4008FD7B294725E90014264B /* GameCellFooterView.swift */ = {isa = PBXFileReference; lastKnownFileType = sourcecode.swift; path = GameCellFooterView.swift; sourceTree = "<group>"; };
		4008FD8029476EC50014264B /* GameListFilterView.xib */ = {isa = PBXFileReference; lastKnownFileType = file.xib; path = GameListFilterView.xib; sourceTree = "<group>"; };
		4008FD8229476EED0014264B /* GameListFilterView.swift */ = {isa = PBXFileReference; lastKnownFileType = sourcecode.swift; path = GameListFilterView.swift; sourceTree = "<group>"; };
		400AD1FF294631B100559662 /* Double+Extension.swift */ = {isa = PBXFileReference; lastKnownFileType = sourcecode.swift; path = "Double+Extension.swift"; sourceTree = "<group>"; };
		408A600529485F20001A1A71 /* GameDetailModel.swift */ = {isa = PBXFileReference; lastKnownFileType = sourcecode.swift; path = GameDetailModel.swift; sourceTree = "<group>"; };
		408A600729486062001A1A71 /* ParentPlatformModel.swift */ = {isa = PBXFileReference; lastKnownFileType = sourcecode.swift; path = ParentPlatformModel.swift; sourceTree = "<group>"; };
		408A6009294860C3001A1A71 /* PlatformModel.swift */ = {isa = PBXFileReference; lastKnownFileType = sourcecode.swift; path = PlatformModel.swift; sourceTree = "<group>"; };
		408A600B29486478001A1A71 /* GameDetailViewController.swift */ = {isa = PBXFileReference; lastKnownFileType = sourcecode.swift; path = GameDetailViewController.swift; sourceTree = "<group>"; };
		408A600D29486795001A1A71 /* GameDetailCollectionViewCell.swift */ = {isa = PBXFileReference; lastKnownFileType = sourcecode.swift; path = GameDetailCollectionViewCell.swift; sourceTree = "<group>"; };
		408A600F29486A97001A1A71 /* GameDetailViewModel.swift */ = {isa = PBXFileReference; lastKnownFileType = sourcecode.swift; path = GameDetailViewModel.swift; sourceTree = "<group>"; };
		4098BB7E2948EC2C0089EA27 /* BaseViewController.swift */ = {isa = PBXFileReference; lastKnownFileType = sourcecode.swift; path = BaseViewController.swift; sourceTree = "<group>"; };
		40B523822948BB3700B0443D /* String+Extension.swift */ = {isa = PBXFileReference; lastKnownFileType = sourcecode.swift; path = "String+Extension.swift"; sourceTree = "<group>"; };
		40B924102946027300DE3C5F /* GameBook.app */ = {isa = PBXFileReference; explicitFileType = wrapper.application; includeInIndex = 0; path = GameBook.app; sourceTree = BUILT_PRODUCTS_DIR; };
		40B924132946027300DE3C5F /* AppDelegate.swift */ = {isa = PBXFileReference; lastKnownFileType = sourcecode.swift; path = AppDelegate.swift; sourceTree = "<group>"; };
		40B924152946027300DE3C5F /* SceneDelegate.swift */ = {isa = PBXFileReference; lastKnownFileType = sourcecode.swift; path = SceneDelegate.swift; sourceTree = "<group>"; };
		40B9241A2946027300DE3C5F /* Base */ = {isa = PBXFileReference; lastKnownFileType = file.storyboard; name = Base; path = Base.lproj/Main.storyboard; sourceTree = "<group>"; };
		40B9241D2946027300DE3C5F /* GameBook.xcdatamodel */ = {isa = PBXFileReference; lastKnownFileType = wrapper.xcdatamodel; path = GameBook.xcdatamodel; sourceTree = "<group>"; };
		40B9241F2946027500DE3C5F /* Assets.xcassets */ = {isa = PBXFileReference; lastKnownFileType = folder.assetcatalog; path = Assets.xcassets; sourceTree = "<group>"; };
		40B924222946027500DE3C5F /* Base */ = {isa = PBXFileReference; lastKnownFileType = file.storyboard; name = Base; path = Base.lproj/LaunchScreen.storyboard; sourceTree = "<group>"; };
		40B924242946027500DE3C5F /* Info.plist */ = {isa = PBXFileReference; lastKnownFileType = text.plist.xml; path = Info.plist; sourceTree = "<group>"; };
		40B924292946027500DE3C5F /* GameBookTests.xctest */ = {isa = PBXFileReference; explicitFileType = wrapper.cfbundle; includeInIndex = 0; path = GameBookTests.xctest; sourceTree = BUILT_PRODUCTS_DIR; };
		40B9242D2946027500DE3C5F /* GameBookTests.swift */ = {isa = PBXFileReference; lastKnownFileType = sourcecode.swift; path = GameBookTests.swift; sourceTree = "<group>"; };
		40B924332946027500DE3C5F /* GameBookUITests.xctest */ = {isa = PBXFileReference; explicitFileType = wrapper.cfbundle; includeInIndex = 0; path = GameBookUITests.xctest; sourceTree = BUILT_PRODUCTS_DIR; };
		40B924372946027500DE3C5F /* GameBookUITests.swift */ = {isa = PBXFileReference; lastKnownFileType = sourcecode.swift; path = GameBookUITests.swift; sourceTree = "<group>"; };
		40B924392946027500DE3C5F /* GameBookUITestsLaunchTests.swift */ = {isa = PBXFileReference; lastKnownFileType = sourcecode.swift; path = GameBookUITestsLaunchTests.swift; sourceTree = "<group>"; };
		40B9247329460B9B00DE3C5F /* GameDBClient.swift */ = {isa = PBXFileReference; fileEncoding = 4; lastKnownFileType = sourcecode.swift; path = GameDBClient.swift; sourceTree = "<group>"; };
		40B9247529460BB700DE3C5F /* Constant.swift */ = {isa = PBXFileReference; fileEncoding = 4; lastKnownFileType = sourcecode.swift; path = Constant.swift; sourceTree = "<group>"; };
		40B9247729460C0600DE3C5F /* GameGenresModel.swift */ = {isa = PBXFileReference; fileEncoding = 4; lastKnownFileType = sourcecode.swift; path = GameGenresModel.swift; sourceTree = "<group>"; };
		40B9247B29460C1D00DE3C5F /* GameModel.swift */ = {isa = PBXFileReference; fileEncoding = 4; lastKnownFileType = sourcecode.swift; path = GameModel.swift; sourceTree = "<group>"; };
		40B9247D29460C3A00DE3C5F /* GameResponseModel.swift */ = {isa = PBXFileReference; fileEncoding = 4; lastKnownFileType = sourcecode.swift; path = GameResponseModel.swift; sourceTree = "<group>"; };
		40B9248129460EE800DE3C5F /* GameListViewController.swift */ = {isa = PBXFileReference; lastKnownFileType = sourcecode.swift; path = GameListViewController.swift; sourceTree = "<group>"; };
		40B924852946109C00DE3C5F /* GameListViewModel.swift */ = {isa = PBXFileReference; lastKnownFileType = sourcecode.swift; path = GameListViewModel.swift; sourceTree = "<group>"; };
		40B9248729461E0B00DE3C5F /* GameListCollectionViewCell.swift */ = {isa = PBXFileReference; lastKnownFileType = sourcecode.swift; path = GameListCollectionViewCell.swift; sourceTree = "<group>"; };
/* End PBXFileReference section */

/* Begin PBXFrameworksBuildPhase section */
		40B9240D2946027300DE3C5F /* Frameworks */ = {
			isa = PBXFrameworksBuildPhase;
			buildActionMask = 2147483647;
			files = (
				4098BB822948EEDB0089EA27 /* SwiftAlertView in Frameworks */,
				4098BB7C2948E96B0089EA27 /* MaterialActivityIndicator in Frameworks */,
				400AD2032946532000559662 /* SDWebImage in Frameworks */,
			);
			runOnlyForDeploymentPostprocessing = 0;
		};
		40B924262946027500DE3C5F /* Frameworks */ = {
			isa = PBXFrameworksBuildPhase;
			buildActionMask = 2147483647;
			files = (
			);
			runOnlyForDeploymentPostprocessing = 0;
		};
		40B924302946027500DE3C5F /* Frameworks */ = {
			isa = PBXFrameworksBuildPhase;
			buildActionMask = 2147483647;
			files = (
			);
			runOnlyForDeploymentPostprocessing = 0;
		};
/* End PBXFrameworksBuildPhase section */

/* Begin PBXGroup section */
		4008FD7F29476E210014264B /* FilterView */ = {
			isa = PBXGroup;
			children = (
				4008FD8229476EED0014264B /* GameListFilterView.swift */,
				4008FD8029476EC50014264B /* GameListFilterView.xib */,
			);
			path = FilterView;
			sourceTree = "<group>";
		};
		400AD1FE2946319600559662 /* Extension */ = {
			isa = PBXGroup;
			children = (
				400AD1FF294631B100559662 /* Double+Extension.swift */,
				40B523822948BB3700B0443D /* String+Extension.swift */,
			);
			path = Extension;
			sourceTree = "<group>";
		};
		4098BB7D2948EC150089EA27 /* Base */ = {
			isa = PBXGroup;
			children = (
				4098BB7E2948EC2C0089EA27 /* BaseViewController.swift */,
			);
			path = Base;
			sourceTree = "<group>";
		};
		40B924072946027300DE3C5F = {
			isa = PBXGroup;
			children = (
				40B924122946027300DE3C5F /* GameBook */,
				40B9242C2946027500DE3C5F /* GameBookTests */,
				40B924362946027500DE3C5F /* GameBookUITests */,
				40B924112946027300DE3C5F /* Products */,
			);
			sourceTree = "<group>";
		};
		40B924112946027300DE3C5F /* Products */ = {
			isa = PBXGroup;
			children = (
				40B924102946027300DE3C5F /* GameBook.app */,
				40B924292946027500DE3C5F /* GameBookTests.xctest */,
				40B924332946027500DE3C5F /* GameBookUITests.xctest */,
			);
			name = Products;
			sourceTree = "<group>";
		};
		40B924122946027300DE3C5F /* GameBook */ = {
			isa = PBXGroup;
			children = (
				400AD1FE2946319600559662 /* Extension */,
				40B924492946031B00DE3C5F /* Core */,
				40B924482946031100DE3C5F /* Scene */,
				40B92446294602EE00DE3C5F /* App */,
				40B9241C2946027300DE3C5F /* GameBook.xcdatamodeld */,
				40B924242946027500DE3C5F /* Info.plist */,
			);
			path = GameBook;
			sourceTree = "<group>";
		};
		40B9242C2946027500DE3C5F /* GameBookTests */ = {
			isa = PBXGroup;
			children = (
				40B9242D2946027500DE3C5F /* GameBookTests.swift */,
			);
			path = GameBookTests;
			sourceTree = "<group>";
		};
		40B924362946027500DE3C5F /* GameBookUITests */ = {
			isa = PBXGroup;
			children = (
				40B924372946027500DE3C5F /* GameBookUITests.swift */,
				40B924392946027500DE3C5F /* GameBookUITestsLaunchTests.swift */,
			);
			path = GameBookUITests;
			sourceTree = "<group>";
		};
		40B92446294602EE00DE3C5F /* App */ = {
			isa = PBXGroup;
			children = (
				40B924132946027300DE3C5F /* AppDelegate.swift */,
				40B924152946027300DE3C5F /* SceneDelegate.swift */,
				40B924192946027300DE3C5F /* Main.storyboard */,
				40B9241F2946027500DE3C5F /* Assets.xcassets */,
				40B924212946027500DE3C5F /* LaunchScreen.storyboard */,
			);
			path = App;
			sourceTree = "<group>";
		};
		40B924482946031100DE3C5F /* Scene */ = {
			isa = PBXGroup;
			children = (
				4098BB7D2948EC150089EA27 /* Base */,
				40B9244E2946038400DE3C5F /* GameList */,
				40B9245B294607D300DE3C5F /* GameDetail */,
				40B9246A294607ED00DE3C5F /* FavoriteList */,
				40B92460294607E400DE3C5F /* NoteList */,
				40B92465294607E800DE3C5F /* NoteDetail */,
			);
			path = Scene;
			sourceTree = "<group>";
		};
		40B924492946031B00DE3C5F /* Core */ = {
			isa = PBXGroup;
			children = (
				40B9247329460B9B00DE3C5F /* GameDBClient.swift */,
				40B9247529460BB700DE3C5F /* Constant.swift */,
			);
			path = Core;
			sourceTree = "<group>";
		};
		40B9244E2946038400DE3C5F /* GameList */ = {
			isa = PBXGroup;
			children = (
				40B9245A294606F900DE3C5F /* Controller */,
				40B92459294606EA00DE3C5F /* Model */,
				40B924502946039F00DE3C5F /* View */,
				40B9244F2946038F00DE3C5F /* ViewModel */,
			);
			path = GameList;
			sourceTree = "<group>";
		};
		40B9244F2946038F00DE3C5F /* ViewModel */ = {
			isa = PBXGroup;
			children = (
				40B924852946109C00DE3C5F /* GameListViewModel.swift */,
			);
			path = ViewModel;
			sourceTree = "<group>";
		};
		40B924502946039F00DE3C5F /* View */ = {
			isa = PBXGroup;
			children = (
				4008FD7F29476E210014264B /* FilterView */,
				40B9248729461E0B00DE3C5F /* GameListCollectionViewCell.swift */,
				4008FD7B294725E90014264B /* GameCellFooterView.swift */,
			);
			path = View;
			sourceTree = "<group>";
		};
		40B92459294606EA00DE3C5F /* Model */ = {
			isa = PBXGroup;
			children = (
				40B9247B29460C1D00DE3C5F /* GameModel.swift */,
				40B9247D29460C3A00DE3C5F /* GameResponseModel.swift */,
				40B9247729460C0600DE3C5F /* GameGenresModel.swift */,
			);
			path = Model;
			sourceTree = "<group>";
		};
		40B9245A294606F900DE3C5F /* Controller */ = {
			isa = PBXGroup;
			children = (
				40B9248129460EE800DE3C5F /* GameListViewController.swift */,
			);
			path = Controller;
			sourceTree = "<group>";
		};
		40B9245B294607D300DE3C5F /* GameDetail */ = {
			isa = PBXGroup;
			children = (
				40B9245C294607D300DE3C5F /* ViewModel */,
				40B9245D294607D300DE3C5F /* Controller */,
				40B9245E294607D300DE3C5F /* Model */,
				40B9245F294607D300DE3C5F /* View */,
			);
			path = GameDetail;
			sourceTree = "<group>";
		};
		40B9245C294607D300DE3C5F /* ViewModel */ = {
			isa = PBXGroup;
			children = (
				408A600F29486A97001A1A71 /* GameDetailViewModel.swift */,
			);
			path = ViewModel;
			sourceTree = "<group>";
		};
		40B9245D294607D300DE3C5F /* Controller */ = {
			isa = PBXGroup;
			children = (
				408A600B29486478001A1A71 /* GameDetailViewController.swift */,
			);
			path = Controller;
			sourceTree = "<group>";
		};
		40B9245E294607D300DE3C5F /* Model */ = {
			isa = PBXGroup;
			children = (
				408A600529485F20001A1A71 /* GameDetailModel.swift */,
				408A600729486062001A1A71 /* ParentPlatformModel.swift */,
				408A6009294860C3001A1A71 /* PlatformModel.swift */,
			);
			path = Model;
			sourceTree = "<group>";
		};
		40B9245F294607D300DE3C5F /* View */ = {
			isa = PBXGroup;
			children = (
				408A600D29486795001A1A71 /* GameDetailCollectionViewCell.swift */,
			);
			path = View;
			sourceTree = "<group>";
		};
		40B92460294607E400DE3C5F /* NoteList */ = {
			isa = PBXGroup;
			children = (
				40B92461294607E400DE3C5F /* ViewModel */,
				40B92462294607E400DE3C5F /* Controller */,
				40B92463294607E400DE3C5F /* Model */,
				40B92464294607E400DE3C5F /* View */,
			);
			path = NoteList;
			sourceTree = "<group>";
		};
		40B92461294607E400DE3C5F /* ViewModel */ = {
			isa = PBXGroup;
			children = (
			);
			path = ViewModel;
			sourceTree = "<group>";
		};
		40B92462294607E400DE3C5F /* Controller */ = {
			isa = PBXGroup;
			children = (
			);
			path = Controller;
			sourceTree = "<group>";
		};
		40B92463294607E400DE3C5F /* Model */ = {
			isa = PBXGroup;
			children = (
			);
			path = Model;
			sourceTree = "<group>";
		};
		40B92464294607E400DE3C5F /* View */ = {
			isa = PBXGroup;
			children = (
			);
			path = View;
			sourceTree = "<group>";
		};
		40B92465294607E800DE3C5F /* NoteDetail */ = {
			isa = PBXGroup;
			children = (
				40B92466294607E800DE3C5F /* ViewModel */,
				40B92467294607E800DE3C5F /* Controller */,
				40B92468294607E800DE3C5F /* Model */,
				40B92469294607E800DE3C5F /* View */,
			);
			path = NoteDetail;
			sourceTree = "<group>";
		};
		40B92466294607E800DE3C5F /* ViewModel */ = {
			isa = PBXGroup;
			children = (
			);
			path = ViewModel;
			sourceTree = "<group>";
		};
		40B92467294607E800DE3C5F /* Controller */ = {
			isa = PBXGroup;
			children = (
			);
			path = Controller;
			sourceTree = "<group>";
		};
		40B92468294607E800DE3C5F /* Model */ = {
			isa = PBXGroup;
			children = (
			);
			path = Model;
			sourceTree = "<group>";
		};
		40B92469294607E800DE3C5F /* View */ = {
			isa = PBXGroup;
			children = (
			);
			path = View;
			sourceTree = "<group>";
		};
		40B9246A294607ED00DE3C5F /* FavoriteList */ = {
			isa = PBXGroup;
			children = (
				40B9246B294607ED00DE3C5F /* ViewModel */,
				40B9246C294607ED00DE3C5F /* Controller */,
				40B9246D294607ED00DE3C5F /* Model */,
				40B9246E294607ED00DE3C5F /* View */,
			);
			path = FavoriteList;
			sourceTree = "<group>";
		};
		40B9246B294607ED00DE3C5F /* ViewModel */ = {
			isa = PBXGroup;
			children = (
			);
			path = ViewModel;
			sourceTree = "<group>";
		};
		40B9246C294607ED00DE3C5F /* Controller */ = {
			isa = PBXGroup;
			children = (
			);
			path = Controller;
			sourceTree = "<group>";
		};
		40B9246D294607ED00DE3C5F /* Model */ = {
			isa = PBXGroup;
			children = (
			);
			path = Model;
			sourceTree = "<group>";
		};
		40B9246E294607ED00DE3C5F /* View */ = {
			isa = PBXGroup;
			children = (
			);
			path = View;
			sourceTree = "<group>";
		};
/* End PBXGroup section */

/* Begin PBXNativeTarget section */
		40B9240F2946027300DE3C5F /* GameBook */ = {
			isa = PBXNativeTarget;
			buildConfigurationList = 40B9243D2946027500DE3C5F /* Build configuration list for PBXNativeTarget "GameBook" */;
			buildPhases = (
				40B9240C2946027300DE3C5F /* Sources */,
				40B9240D2946027300DE3C5F /* Frameworks */,
				40B9240E2946027300DE3C5F /* Resources */,
			);
			buildRules = (
			);
			dependencies = (
			);
			name = GameBook;
			packageProductDependencies = (
				400AD2022946532000559662 /* SDWebImage */,
				4098BB7B2948E96B0089EA27 /* MaterialActivityIndicator */,
				4098BB812948EEDB0089EA27 /* SwiftAlertView */,
			);
			productName = GameBook;
			productReference = 40B924102946027300DE3C5F /* GameBook.app */;
			productType = "com.apple.product-type.application";
		};
		40B924282946027500DE3C5F /* GameBookTests */ = {
			isa = PBXNativeTarget;
			buildConfigurationList = 40B924402946027500DE3C5F /* Build configuration list for PBXNativeTarget "GameBookTests" */;
			buildPhases = (
				40B924252946027500DE3C5F /* Sources */,
				40B924262946027500DE3C5F /* Frameworks */,
				40B924272946027500DE3C5F /* Resources */,
			);
			buildRules = (
			);
			dependencies = (
				40B9242B2946027500DE3C5F /* PBXTargetDependency */,
			);
			name = GameBookTests;
			productName = GameBookTests;
			productReference = 40B924292946027500DE3C5F /* GameBookTests.xctest */;
			productType = "com.apple.product-type.bundle.unit-test";
		};
		40B924322946027500DE3C5F /* GameBookUITests */ = {
			isa = PBXNativeTarget;
			buildConfigurationList = 40B924432946027500DE3C5F /* Build configuration list for PBXNativeTarget "GameBookUITests" */;
			buildPhases = (
				40B9242F2946027500DE3C5F /* Sources */,
				40B924302946027500DE3C5F /* Frameworks */,
				40B924312946027500DE3C5F /* Resources */,
			);
			buildRules = (
			);
			dependencies = (
				40B924352946027500DE3C5F /* PBXTargetDependency */,
			);
			name = GameBookUITests;
			productName = GameBookUITests;
			productReference = 40B924332946027500DE3C5F /* GameBookUITests.xctest */;
			productType = "com.apple.product-type.bundle.ui-testing";
		};
/* End PBXNativeTarget section */

/* Begin PBXProject section */
		40B924082946027300DE3C5F /* Project object */ = {
			isa = PBXProject;
			attributes = {
				BuildIndependentTargetsInParallel = 1;
				LastSwiftUpdateCheck = 1340;
				LastUpgradeCheck = 1340;
				TargetAttributes = {
					40B9240F2946027300DE3C5F = {
						CreatedOnToolsVersion = 13.4.1;
					};
					40B924282946027500DE3C5F = {
						CreatedOnToolsVersion = 13.4.1;
						TestTargetID = 40B9240F2946027300DE3C5F;
					};
					40B924322946027500DE3C5F = {
						CreatedOnToolsVersion = 13.4.1;
						TestTargetID = 40B9240F2946027300DE3C5F;
					};
				};
			};
			buildConfigurationList = 40B9240B2946027300DE3C5F /* Build configuration list for PBXProject "GameBook" */;
			compatibilityVersion = "Xcode 13.0";
			developmentRegion = en;
			hasScannedForEncodings = 0;
			knownRegions = (
				en,
				Base,
			);
			mainGroup = 40B924072946027300DE3C5F;
			packageReferences = (
				400AD2012946532000559662 /* XCRemoteSwiftPackageReference "SDWebImage" */,
				4098BB7A2948E96B0089EA27 /* XCRemoteSwiftPackageReference "MaterialActivityIndicator" */,
				4098BB802948EEDB0089EA27 /* XCRemoteSwiftPackageReference "SwiftAlertView" */,
			);
			productRefGroup = 40B924112946027300DE3C5F /* Products */;
			projectDirPath = "";
			projectRoot = "";
			targets = (
				40B9240F2946027300DE3C5F /* GameBook */,
				40B924282946027500DE3C5F /* GameBookTests */,
				40B924322946027500DE3C5F /* GameBookUITests */,
			);
		};
/* End PBXProject section */

/* Begin PBXResourcesBuildPhase section */
		40B9240E2946027300DE3C5F /* Resources */ = {
			isa = PBXResourcesBuildPhase;
			buildActionMask = 2147483647;
			files = (
				40B924232946027500DE3C5F /* LaunchScreen.storyboard in Resources */,
				40B924202946027500DE3C5F /* Assets.xcassets in Resources */,
				4008FD8129476EC50014264B /* GameListFilterView.xib in Resources */,
				40B9241B2946027300DE3C5F /* Main.storyboard in Resources */,
			);
			runOnlyForDeploymentPostprocessing = 0;
		};
		40B924272946027500DE3C5F /* Resources */ = {
			isa = PBXResourcesBuildPhase;
			buildActionMask = 2147483647;
			files = (
			);
			runOnlyForDeploymentPostprocessing = 0;
		};
		40B924312946027500DE3C5F /* Resources */ = {
			isa = PBXResourcesBuildPhase;
			buildActionMask = 2147483647;
			files = (
			);
			runOnlyForDeploymentPostprocessing = 0;
		};
/* End PBXResourcesBuildPhase section */

/* Begin PBXSourcesBuildPhase section */
		40B9240C2946027300DE3C5F /* Sources */ = {
			isa = PBXSourcesBuildPhase;
			buildActionMask = 2147483647;
			files = (
				408A600A294860C3001A1A71 /* PlatformModel.swift in Sources */,
				40B523832948BB3700B0443D /* String+Extension.swift in Sources */,
				40B924862946109C00DE3C5F /* GameListViewModel.swift in Sources */,
				40B924142946027300DE3C5F /* AppDelegate.swift in Sources */,
				4008FD8329476EED0014264B /* GameListFilterView.swift in Sources */,
				40B9247E29460C3A00DE3C5F /* GameResponseModel.swift in Sources */,
				408A601029486A97001A1A71 /* GameDetailViewModel.swift in Sources */,
				408A600829486062001A1A71 /* ParentPlatformModel.swift in Sources */,
				40B9247829460C0600DE3C5F /* GameGenresModel.swift in Sources */,
				40B9248829461E0B00DE3C5F /* GameListCollectionViewCell.swift in Sources */,
				40B9247429460B9B00DE3C5F /* GameDBClient.swift in Sources */,
				4008FD7C294725E90014264B /* GameCellFooterView.swift in Sources */,
				408A600E29486795001A1A71 /* GameDetailCollectionViewCell.swift in Sources */,
				4098BB7F2948EC2C0089EA27 /* BaseViewController.swift in Sources */,
				40B9248229460EE800DE3C5F /* GameListViewController.swift in Sources */,
				40B9247629460BB700DE3C5F /* Constant.swift in Sources */,
				400AD200294631B100559662 /* Double+Extension.swift in Sources */,
				408A600C29486478001A1A71 /* GameDetailViewController.swift in Sources */,
				40B9241E2946027300DE3C5F /* GameBook.xcdatamodeld in Sources */,
				40B9247C29460C1D00DE3C5F /* GameModel.swift in Sources */,
				40B924162946027300DE3C5F /* SceneDelegate.swift in Sources */,
				408A600629485F20001A1A71 /* GameDetailModel.swift in Sources */,
			);
			runOnlyForDeploymentPostprocessing = 0;
		};
		40B924252946027500DE3C5F /* Sources */ = {
			isa = PBXSourcesBuildPhase;
			buildActionMask = 2147483647;
			files = (
				40B9242E2946027500DE3C5F /* GameBookTests.swift in Sources */,
			);
			runOnlyForDeploymentPostprocessing = 0;
		};
		40B9242F2946027500DE3C5F /* Sources */ = {
			isa = PBXSourcesBuildPhase;
			buildActionMask = 2147483647;
			files = (
				40B9243A2946027500DE3C5F /* GameBookUITestsLaunchTests.swift in Sources */,
				40B924382946027500DE3C5F /* GameBookUITests.swift in Sources */,
			);
			runOnlyForDeploymentPostprocessing = 0;
		};
/* End PBXSourcesBuildPhase section */

/* Begin PBXTargetDependency section */
		40B9242B2946027500DE3C5F /* PBXTargetDependency */ = {
			isa = PBXTargetDependency;
			target = 40B9240F2946027300DE3C5F /* GameBook */;
			targetProxy = 40B9242A2946027500DE3C5F /* PBXContainerItemProxy */;
		};
		40B924352946027500DE3C5F /* PBXTargetDependency */ = {
			isa = PBXTargetDependency;
			target = 40B9240F2946027300DE3C5F /* GameBook */;
			targetProxy = 40B924342946027500DE3C5F /* PBXContainerItemProxy */;
		};
/* End PBXTargetDependency section */

/* Begin PBXVariantGroup section */
		40B924192946027300DE3C5F /* Main.storyboard */ = {
			isa = PBXVariantGroup;
			children = (
				40B9241A2946027300DE3C5F /* Base */,
			);
			name = Main.storyboard;
			sourceTree = "<group>";
		};
		40B924212946027500DE3C5F /* LaunchScreen.storyboard */ = {
			isa = PBXVariantGroup;
			children = (
				40B924222946027500DE3C5F /* Base */,
			);
			name = LaunchScreen.storyboard;
			sourceTree = "<group>";
		};
/* End PBXVariantGroup section */

/* Begin XCBuildConfiguration section */
		40B9243B2946027500DE3C5F /* Debug */ = {
			isa = XCBuildConfiguration;
			buildSettings = {
				ALWAYS_SEARCH_USER_PATHS = NO;
				CLANG_ANALYZER_NONNULL = YES;
				CLANG_ANALYZER_NUMBER_OBJECT_CONVERSION = YES_AGGRESSIVE;
				CLANG_CXX_LANGUAGE_STANDARD = "gnu++17";
				CLANG_ENABLE_MODULES = YES;
				CLANG_ENABLE_OBJC_ARC = YES;
				CLANG_ENABLE_OBJC_WEAK = YES;
				CLANG_WARN_BLOCK_CAPTURE_AUTORELEASING = YES;
				CLANG_WARN_BOOL_CONVERSION = YES;
				CLANG_WARN_COMMA = YES;
				CLANG_WARN_CONSTANT_CONVERSION = YES;
				CLANG_WARN_DEPRECATED_OBJC_IMPLEMENTATIONS = YES;
				CLANG_WARN_DIRECT_OBJC_ISA_USAGE = YES_ERROR;
				CLANG_WARN_DOCUMENTATION_COMMENTS = YES;
				CLANG_WARN_EMPTY_BODY = YES;
				CLANG_WARN_ENUM_CONVERSION = YES;
				CLANG_WARN_INFINITE_RECURSION = YES;
				CLANG_WARN_INT_CONVERSION = YES;
				CLANG_WARN_NON_LITERAL_NULL_CONVERSION = YES;
				CLANG_WARN_OBJC_IMPLICIT_RETAIN_SELF = YES;
				CLANG_WARN_OBJC_LITERAL_CONVERSION = YES;
				CLANG_WARN_OBJC_ROOT_CLASS = YES_ERROR;
				CLANG_WARN_QUOTED_INCLUDE_IN_FRAMEWORK_HEADER = YES;
				CLANG_WARN_RANGE_LOOP_ANALYSIS = YES;
				CLANG_WARN_STRICT_PROTOTYPES = YES;
				CLANG_WARN_SUSPICIOUS_MOVE = YES;
				CLANG_WARN_UNGUARDED_AVAILABILITY = YES_AGGRESSIVE;
				CLANG_WARN_UNREACHABLE_CODE = YES;
				CLANG_WARN__DUPLICATE_METHOD_MATCH = YES;
				COPY_PHASE_STRIP = NO;
				DEBUG_INFORMATION_FORMAT = dwarf;
				ENABLE_STRICT_OBJC_MSGSEND = YES;
				ENABLE_TESTABILITY = YES;
				GCC_C_LANGUAGE_STANDARD = gnu11;
				GCC_DYNAMIC_NO_PIC = NO;
				GCC_NO_COMMON_BLOCKS = YES;
				GCC_OPTIMIZATION_LEVEL = 0;
				GCC_PREPROCESSOR_DEFINITIONS = (
					"DEBUG=1",
					"$(inherited)",
				);
				GCC_WARN_64_TO_32_BIT_CONVERSION = YES;
				GCC_WARN_ABOUT_RETURN_TYPE = YES_ERROR;
				GCC_WARN_UNDECLARED_SELECTOR = YES;
				GCC_WARN_UNINITIALIZED_AUTOS = YES_AGGRESSIVE;
				GCC_WARN_UNUSED_FUNCTION = YES;
				GCC_WARN_UNUSED_VARIABLE = YES;
				IPHONEOS_DEPLOYMENT_TARGET = 15.5;
				MTL_ENABLE_DEBUG_INFO = INCLUDE_SOURCE;
				MTL_FAST_MATH = YES;
				ONLY_ACTIVE_ARCH = YES;
				SDKROOT = iphoneos;
				SWIFT_ACTIVE_COMPILATION_CONDITIONS = DEBUG;
				SWIFT_OPTIMIZATION_LEVEL = "-Onone";
			};
			name = Debug;
		};
		40B9243C2946027500DE3C5F /* Release */ = {
			isa = XCBuildConfiguration;
			buildSettings = {
				ALWAYS_SEARCH_USER_PATHS = NO;
				CLANG_ANALYZER_NONNULL = YES;
				CLANG_ANALYZER_NUMBER_OBJECT_CONVERSION = YES_AGGRESSIVE;
				CLANG_CXX_LANGUAGE_STANDARD = "gnu++17";
				CLANG_ENABLE_MODULES = YES;
				CLANG_ENABLE_OBJC_ARC = YES;
				CLANG_ENABLE_OBJC_WEAK = YES;
				CLANG_WARN_BLOCK_CAPTURE_AUTORELEASING = YES;
				CLANG_WARN_BOOL_CONVERSION = YES;
				CLANG_WARN_COMMA = YES;
				CLANG_WARN_CONSTANT_CONVERSION = YES;
				CLANG_WARN_DEPRECATED_OBJC_IMPLEMENTATIONS = YES;
				CLANG_WARN_DIRECT_OBJC_ISA_USAGE = YES_ERROR;
				CLANG_WARN_DOCUMENTATION_COMMENTS = YES;
				CLANG_WARN_EMPTY_BODY = YES;
				CLANG_WARN_ENUM_CONVERSION = YES;
				CLANG_WARN_INFINITE_RECURSION = YES;
				CLANG_WARN_INT_CONVERSION = YES;
				CLANG_WARN_NON_LITERAL_NULL_CONVERSION = YES;
				CLANG_WARN_OBJC_IMPLICIT_RETAIN_SELF = YES;
				CLANG_WARN_OBJC_LITERAL_CONVERSION = YES;
				CLANG_WARN_OBJC_ROOT_CLASS = YES_ERROR;
				CLANG_WARN_QUOTED_INCLUDE_IN_FRAMEWORK_HEADER = YES;
				CLANG_WARN_RANGE_LOOP_ANALYSIS = YES;
				CLANG_WARN_STRICT_PROTOTYPES = YES;
				CLANG_WARN_SUSPICIOUS_MOVE = YES;
				CLANG_WARN_UNGUARDED_AVAILABILITY = YES_AGGRESSIVE;
				CLANG_WARN_UNREACHABLE_CODE = YES;
				CLANG_WARN__DUPLICATE_METHOD_MATCH = YES;
				COPY_PHASE_STRIP = NO;
				DEBUG_INFORMATION_FORMAT = "dwarf-with-dsym";
				ENABLE_NS_ASSERTIONS = NO;
				ENABLE_STRICT_OBJC_MSGSEND = YES;
				GCC_C_LANGUAGE_STANDARD = gnu11;
				GCC_NO_COMMON_BLOCKS = YES;
				GCC_WARN_64_TO_32_BIT_CONVERSION = YES;
				GCC_WARN_ABOUT_RETURN_TYPE = YES_ERROR;
				GCC_WARN_UNDECLARED_SELECTOR = YES;
				GCC_WARN_UNINITIALIZED_AUTOS = YES_AGGRESSIVE;
				GCC_WARN_UNUSED_FUNCTION = YES;
				GCC_WARN_UNUSED_VARIABLE = YES;
				IPHONEOS_DEPLOYMENT_TARGET = 15.5;
				MTL_ENABLE_DEBUG_INFO = NO;
				MTL_FAST_MATH = YES;
				SDKROOT = iphoneos;
				SWIFT_COMPILATION_MODE = wholemodule;
				SWIFT_OPTIMIZATION_LEVEL = "-O";
				VALIDATE_PRODUCT = YES;
			};
			name = Release;
		};
		40B9243E2946027500DE3C5F /* Debug */ = {
			isa = XCBuildConfiguration;
			buildSettings = {
				ASSETCATALOG_COMPILER_APPICON_NAME = AppIcon;
				ASSETCATALOG_COMPILER_GLOBAL_ACCENT_COLOR_NAME = AccentColor;
				CODE_SIGN_STYLE = Automatic;
				CURRENT_PROJECT_VERSION = 1;
				DEVELOPMENT_TEAM = 32UYWBQW54;
				GENERATE_INFOPLIST_FILE = YES;
				INFOPLIST_FILE = GameBook/Info.plist;
				INFOPLIST_KEY_UIApplicationSupportsIndirectInputEvents = YES;
				INFOPLIST_KEY_UILaunchStoryboardName = LaunchScreen;
				INFOPLIST_KEY_UIMainStoryboardFile = Main;
				INFOPLIST_KEY_UISupportedInterfaceOrientations_iPad = "UIInterfaceOrientationPortrait UIInterfaceOrientationPortraitUpsideDown UIInterfaceOrientationLandscapeLeft UIInterfaceOrientationLandscapeRight";
				INFOPLIST_KEY_UISupportedInterfaceOrientations_iPhone = "UIInterfaceOrientationPortrait UIInterfaceOrientationLandscapeLeft UIInterfaceOrientationLandscapeRight";
				LD_RUNPATH_SEARCH_PATHS = (
					"$(inherited)",
					"@executable_path/Frameworks",
				);
				MARKETING_VERSION = 1.0;
				PRODUCT_BUNDLE_IDENTIFIER = hasanuysal.GameBook;
				PRODUCT_NAME = "$(TARGET_NAME)";
				SWIFT_EMIT_LOC_STRINGS = YES;
				SWIFT_VERSION = 5.0;
				TARGETED_DEVICE_FAMILY = "1,2";
			};
			name = Debug;
		};
		40B9243F2946027500DE3C5F /* Release */ = {
			isa = XCBuildConfiguration;
			buildSettings = {
				ASSETCATALOG_COMPILER_APPICON_NAME = AppIcon;
				ASSETCATALOG_COMPILER_GLOBAL_ACCENT_COLOR_NAME = AccentColor;
				CODE_SIGN_STYLE = Automatic;
				CURRENT_PROJECT_VERSION = 1;
				DEVELOPMENT_TEAM = 32UYWBQW54;
				GENERATE_INFOPLIST_FILE = YES;
				INFOPLIST_FILE = GameBook/Info.plist;
				INFOPLIST_KEY_UIApplicationSupportsIndirectInputEvents = YES;
				INFOPLIST_KEY_UILaunchStoryboardName = LaunchScreen;
				INFOPLIST_KEY_UIMainStoryboardFile = Main;
				INFOPLIST_KEY_UISupportedInterfaceOrientations_iPad = "UIInterfaceOrientationPortrait UIInterfaceOrientationPortraitUpsideDown UIInterfaceOrientationLandscapeLeft UIInterfaceOrientationLandscapeRight";
				INFOPLIST_KEY_UISupportedInterfaceOrientations_iPhone = "UIInterfaceOrientationPortrait UIInterfaceOrientationLandscapeLeft UIInterfaceOrientationLandscapeRight";
				LD_RUNPATH_SEARCH_PATHS = (
					"$(inherited)",
					"@executable_path/Frameworks",
				);
				MARKETING_VERSION = 1.0;
				PRODUCT_BUNDLE_IDENTIFIER = hasanuysal.GameBook;
				PRODUCT_NAME = "$(TARGET_NAME)";
				SWIFT_EMIT_LOC_STRINGS = YES;
				SWIFT_VERSION = 5.0;
				TARGETED_DEVICE_FAMILY = "1,2";
			};
			name = Release;
		};
		40B924412946027500DE3C5F /* Debug */ = {
			isa = XCBuildConfiguration;
			buildSettings = {
				ALWAYS_EMBED_SWIFT_STANDARD_LIBRARIES = YES;
				BUNDLE_LOADER = "$(TEST_HOST)";
				CODE_SIGN_STYLE = Automatic;
				CURRENT_PROJECT_VERSION = 1;
				DEVELOPMENT_TEAM = 32UYWBQW54;
				GENERATE_INFOPLIST_FILE = YES;
				IPHONEOS_DEPLOYMENT_TARGET = 15.5;
				MARKETING_VERSION = 1.0;
				PRODUCT_BUNDLE_IDENTIFIER = hasanuysal.GameBookTests;
				PRODUCT_NAME = "$(TARGET_NAME)";
				SWIFT_EMIT_LOC_STRINGS = NO;
				SWIFT_VERSION = 5.0;
				TARGETED_DEVICE_FAMILY = "1,2";
				TEST_HOST = "$(BUILT_PRODUCTS_DIR)/GameBook.app/GameBook";
			};
			name = Debug;
		};
		40B924422946027500DE3C5F /* Release */ = {
			isa = XCBuildConfiguration;
			buildSettings = {
				ALWAYS_EMBED_SWIFT_STANDARD_LIBRARIES = YES;
				BUNDLE_LOADER = "$(TEST_HOST)";
				CODE_SIGN_STYLE = Automatic;
				CURRENT_PROJECT_VERSION = 1;
				DEVELOPMENT_TEAM = 32UYWBQW54;
				GENERATE_INFOPLIST_FILE = YES;
				IPHONEOS_DEPLOYMENT_TARGET = 15.5;
				MARKETING_VERSION = 1.0;
				PRODUCT_BUNDLE_IDENTIFIER = hasanuysal.GameBookTests;
				PRODUCT_NAME = "$(TARGET_NAME)";
				SWIFT_EMIT_LOC_STRINGS = NO;
				SWIFT_VERSION = 5.0;
				TARGETED_DEVICE_FAMILY = "1,2";
				TEST_HOST = "$(BUILT_PRODUCTS_DIR)/GameBook.app/GameBook";
			};
			name = Release;
		};
		40B924442946027500DE3C5F /* Debug */ = {
			isa = XCBuildConfiguration;
			buildSettings = {
				ALWAYS_EMBED_SWIFT_STANDARD_LIBRARIES = YES;
				CODE_SIGN_STYLE = Automatic;
				CURRENT_PROJECT_VERSION = 1;
				DEVELOPMENT_TEAM = 32UYWBQW54;
				GENERATE_INFOPLIST_FILE = YES;
				MARKETING_VERSION = 1.0;
				PRODUCT_BUNDLE_IDENTIFIER = hasanuysal.GameBookUITests;
				PRODUCT_NAME = "$(TARGET_NAME)";
				SWIFT_EMIT_LOC_STRINGS = NO;
				SWIFT_VERSION = 5.0;
				TARGETED_DEVICE_FAMILY = "1,2";
				TEST_TARGET_NAME = GameBook;
			};
			name = Debug;
		};
		40B924452946027500DE3C5F /* Release */ = {
			isa = XCBuildConfiguration;
			buildSettings = {
				ALWAYS_EMBED_SWIFT_STANDARD_LIBRARIES = YES;
				CODE_SIGN_STYLE = Automatic;
				CURRENT_PROJECT_VERSION = 1;
				DEVELOPMENT_TEAM = 32UYWBQW54;
				GENERATE_INFOPLIST_FILE = YES;
				MARKETING_VERSION = 1.0;
				PRODUCT_BUNDLE_IDENTIFIER = hasanuysal.GameBookUITests;
				PRODUCT_NAME = "$(TARGET_NAME)";
				SWIFT_EMIT_LOC_STRINGS = NO;
				SWIFT_VERSION = 5.0;
				TARGETED_DEVICE_FAMILY = "1,2";
				TEST_TARGET_NAME = GameBook;
			};
			name = Release;
		};
/* End XCBuildConfiguration section */

/* Begin XCConfigurationList section */
		40B9240B2946027300DE3C5F /* Build configuration list for PBXProject "GameBook" */ = {
			isa = XCConfigurationList;
			buildConfigurations = (
				40B9243B2946027500DE3C5F /* Debug */,
				40B9243C2946027500DE3C5F /* Release */,
			);
			defaultConfigurationIsVisible = 0;
			defaultConfigurationName = Release;
		};
		40B9243D2946027500DE3C5F /* Build configuration list for PBXNativeTarget "GameBook" */ = {
			isa = XCConfigurationList;
			buildConfigurations = (
				40B9243E2946027500DE3C5F /* Debug */,
				40B9243F2946027500DE3C5F /* Release */,
			);
			defaultConfigurationIsVisible = 0;
			defaultConfigurationName = Release;
		};
		40B924402946027500DE3C5F /* Build configuration list for PBXNativeTarget "GameBookTests" */ = {
			isa = XCConfigurationList;
			buildConfigurations = (
				40B924412946027500DE3C5F /* Debug */,
				40B924422946027500DE3C5F /* Release */,
			);
			defaultConfigurationIsVisible = 0;
			defaultConfigurationName = Release;
		};
		40B924432946027500DE3C5F /* Build configuration list for PBXNativeTarget "GameBookUITests" */ = {
			isa = XCConfigurationList;
			buildConfigurations = (
				40B924442946027500DE3C5F /* Debug */,
				40B924452946027500DE3C5F /* Release */,
			);
			defaultConfigurationIsVisible = 0;
			defaultConfigurationName = Release;
		};
/* End XCConfigurationList section */

/* Begin XCRemoteSwiftPackageReference section */
		400AD2012946532000559662 /* XCRemoteSwiftPackageReference "SDWebImage" */ = {
			isa = XCRemoteSwiftPackageReference;
			repositoryURL = "https://github.com/SDWebImage/SDWebImage";
			requirement = {
				branch = master;
				kind = branch;
			};
		};
		4098BB7A2948E96B0089EA27 /* XCRemoteSwiftPackageReference "MaterialActivityIndicator" */ = {
			isa = XCRemoteSwiftPackageReference;
			repositoryURL = "https://github.com/nspavlo/MaterialActivityIndicator";
			requirement = {
				branch = master;
				kind = branch;
			};
		};
		4098BB802948EEDB0089EA27 /* XCRemoteSwiftPackageReference "SwiftAlertView" */ = {
			isa = XCRemoteSwiftPackageReference;
			repositoryURL = "https://github.com/dinhquan/SwiftAlertView";
			requirement = {
				kind = upToNextMajorVersion;
				minimumVersion = 2.0.0;
			};
		};
/* End XCRemoteSwiftPackageReference section */

/* Begin XCSwiftPackageProductDependency section */
		400AD2022946532000559662 /* SDWebImage */ = {
			isa = XCSwiftPackageProductDependency;
			package = 400AD2012946532000559662 /* XCRemoteSwiftPackageReference "SDWebImage" */;
			productName = SDWebImage;
		};
		4098BB7B2948E96B0089EA27 /* MaterialActivityIndicator */ = {
			isa = XCSwiftPackageProductDependency;
			package = 4098BB7A2948E96B0089EA27 /* XCRemoteSwiftPackageReference "MaterialActivityIndicator" */;
			productName = MaterialActivityIndicator;
		};
		4098BB812948EEDB0089EA27 /* SwiftAlertView */ = {
			isa = XCSwiftPackageProductDependency;
			package = 4098BB802948EEDB0089EA27 /* XCRemoteSwiftPackageReference "SwiftAlertView" */;
			productName = SwiftAlertView;
		};
/* End XCSwiftPackageProductDependency section */

/* Begin XCVersionGroup section */
		40B9241C2946027300DE3C5F /* GameBook.xcdatamodeld */ = {
			isa = XCVersionGroup;
			children = (
				40B9241D2946027300DE3C5F /* GameBook.xcdatamodel */,
			);
			currentVersion = 40B9241D2946027300DE3C5F /* GameBook.xcdatamodel */;
			path = GameBook.xcdatamodeld;
			sourceTree = "<group>";
			versionGroupType = wrapper.xcdatamodel;
		};
/* End XCVersionGroup section */
	};
	rootObject = 40B924082946027300DE3C5F /* Project object */;
}
